
Microsoft Visual Studio Solution File, Format Version 12.00
# Visual Studio 15
VisualStudioVersion = 15.0.27130.2003
MinimumVisualStudioVersion = 10.0.40219.1
Project("{FAE04EC0-301F-11D3-BF4B-00C04F79EFBC}") = "Zadacha3", "Zadacha3\Zadacha3.csproj", "{62AD11EA-F5A2-48C3-AB76-2181614C16BC}"
EndProject
Project("{FAE04EC0-301F-11D3-BF4B-00C04F79EFBC}") = "Zadacha4", "Zadacha4\Zadacha4.csproj", "{320DBAA1-7066-49FC-9308-9DD73FB81C43}"
EndProject
Project("{FAE04EC0-301F-11D3-BF4B-00C04F79EFBC}") = "Zadacha5", "Zadacha5\Zadacha5.csproj", "{D15FEDF1-4644-4649-B9F6-68D6C57D4C3E}"
EndProject
Project("{FAE04EC0-301F-11D3-BF4B-00C04F79EFBC}") = "Zadacha6", "Zadacha6\Zadacha6.csproj", "{06486885-ED1B-436F-BFAC-C5C5360709CA}"
EndProject
Project("{FAE04EC0-301F-11D3-BF4B-00C04F79EFBC}") = "Zadacha7", "Zadacha7\Zadacha7.csproj", "{67BBE3FD-4D55-4CAB-8E26-937EAF5AD424}"
EndProject
Project("{FAE04EC0-301F-11D3-BF4B-00C04F79EFBC}") = "Zadacha8", "Zadacha8\Zadacha8.csproj", "{20773CA1-A238-42AF-8FF7-499DFEA8C585}"
EndProject
Project("{FAE04EC0-301F-11D3-BF4B-00C04F79EFBC}") = "Zadacha13", "Zadacha13\Zadacha13.csproj", "{99CA5721-334F-4EC0-9DB0-7C2EC3EEB502}"
EndProject
Project("{FAE04EC0-301F-11D3-BF4B-00C04F79EFBC}") = "Zadacha14", "Zadacha14\Zadacha14.csproj", "{14C09187-A157-4A71-AB99-7D33B64FC472}"
EndProject
Project("{FAE04EC0-301F-11D3-BF4B-00C04F79EFBC}") = "Zadacha15", "Zadacha15\Zadacha15.csproj", "{93B69A92-497B-406A-ABF4-EF272E487925}"
EndProject
Project("{FAE04EC0-301F-11D3-BF4B-00C04F79EFBC}") = "Zadacha16", "Zadacha16\Zadacha16.csproj", "{55EC58D1-BAE5-4973-9FA8-22C98F2C98F8}"
EndProject
Project("{FAE04EC0-301F-11D3-BF4B-00C04F79EFBC}") = "Zadacha18", "Zadacha18\Zadacha18.csproj", "{53F2E160-314E-4415-A6E6-052F4C305C86}"
EndProject
Project("{FAE04EC0-301F-11D3-BF4B-00C04F79EFBC}") = "Zadacha22", "Zadacha22\Zadacha22.csproj", "{81267C03-C064-49C2-8761-E50A57EFEFE9}"
EndProject
Project("{FAE04EC0-301F-11D3-BF4B-00C04F79EFBC}") = "Zadacha24", "Zadacha24\Zadacha24.csproj", "{97F53193-C68A-49B9-8191-A5C9A8E5548E}"
EndProject
Project("{FAE04EC0-301F-11D3-BF4B-00C04F79EFBC}") = "Zadacha25", "Zadacha25\Zadacha25.csproj", "{2052EF95-FA3B-4361-BFCC-534FF32142E8}"
EndProject
Project("{FAE04EC0-301F-11D3-BF4B-00C04F79EFBC}") = "Zadacha26", "Задацха26\Zadacha26.csproj", "{6DD4E42E-2175-4687-BA52-A114E3639934}"
EndProject
Project("{FAE04EC0-301F-11D3-BF4B-00C04F79EFBC}") = "Zadacha27", "Zadacha27\Zadacha27.csproj", "{938B8FCF-3308-4179-B2D7-5B2B9D72E936}"
EndProject
Project("{FAE04EC0-301F-11D3-BF4B-00C04F79EFBC}") = "Zadacha32", "Zadacha32\Zadacha32.csproj", "{4A7C0264-3124-426D-92D7-93A474C972C5}"
EndProject
Project("{FAE04EC0-301F-11D3-BF4B-00C04F79EFBC}") = "Zadacha33", "Zadacha33\Zadacha33.csproj", "{7D94CE4B-42E2-44B9-AD81-6883C5AB395F}"
EndProject
Project("{FAE04EC0-301F-11D3-BF4B-00C04F79EFBC}") = "Zadacha36", "Zadacha36\Zadacha36.csproj", "{6905F0B2-3BB3-495A-9E9B-EE95B329092A}"
EndProject
Project("{FAE04EC0-301F-11D3-BF4B-00C04F79EFBC}") = "Zadacha37", "Zadacha37\Zadacha37.csproj", "{E5929795-8403-4AA6-94B7-7DB25954FC64}"
EndProject
Project("{FAE04EC0-301F-11D3-BF4B-00C04F79EFBC}") = "Zadacha38", "Zadacha38\Zadacha38.csproj", "{F981545A-1692-49A6-9F82-734CD519F7F7}"
EndProject
Project("{FAE04EC0-301F-11D3-BF4B-00C04F79EFBC}") = "Zadacha39", "Zadacha39\Zadacha39.csproj", "{05D1734A-0D5D-48E5-B467-4E6EF4CEADD0}"
EndProject
Project("{FAE04EC0-301F-11D3-BF4B-00C04F79EFBC}") = "Zadacha40", "Zadacha40\Zadacha40.csproj", "{1B472A1E-F26A-42BA-B633-9E53C6B1DC22}"
EndProject
Project("{FAE04EC0-301F-11D3-BF4B-00C04F79EFBC}") = "Zadacha41", "Zadacha41\Zadacha41.csproj", "{0BA6B2C5-6040-443A-97DE-42C3D1B973A9}"
EndProject
Project("{FAE04EC0-301F-11D3-BF4B-00C04F79EFBC}") = "Zadacha42", "Zadacha42\Zadacha42.csproj", "{C7531914-5701-46A5-9424-9545271C2DE7}"
EndProject
Project("{FAE04EC0-301F-11D3-BF4B-00C04F79EFBC}") = "Zadacha45", "Zadacha45\Zadacha45.csproj", "{222F7152-0FF0-444D-BB7D-778C8AFB570E}"
EndProject
Global
	GlobalSection(SolutionConfigurationPlatforms) = preSolution
		Debug|Any CPU = Debug|Any CPU
		Release|Any CPU = Release|Any CPU
	EndGlobalSection
	GlobalSection(ProjectConfigurationPlatforms) = postSolution
		{62AD11EA-F5A2-48C3-AB76-2181614C16BC}.Debug|Any CPU.ActiveCfg = Debug|Any CPU
		{62AD11EA-F5A2-48C3-AB76-2181614C16BC}.Debug|Any CPU.Build.0 = Debug|Any CPU
		{62AD11EA-F5A2-48C3-AB76-2181614C16BC}.Release|Any CPU.ActiveCfg = Release|Any CPU
		{62AD11EA-F5A2-48C3-AB76-2181614C16BC}.Release|Any CPU.Build.0 = Release|Any CPU
		{320DBAA1-7066-49FC-9308-9DD73FB81C43}.Debug|Any CPU.ActiveCfg = Debug|Any CPU
		{320DBAA1-7066-49FC-9308-9DD73FB81C43}.Debug|Any CPU.Build.0 = Debug|Any CPU
		{320DBAA1-7066-49FC-9308-9DD73FB81C43}.Release|Any CPU.ActiveCfg = Release|Any CPU
		{320DBAA1-7066-49FC-9308-9DD73FB81C43}.Release|Any CPU.Build.0 = Release|Any CPU
		{D15FEDF1-4644-4649-B9F6-68D6C57D4C3E}.Debug|Any CPU.ActiveCfg = Debug|Any CPU
		{D15FEDF1-4644-4649-B9F6-68D6C57D4C3E}.Debug|Any CPU.Build.0 = Debug|Any CPU
		{D15FEDF1-4644-4649-B9F6-68D6C57D4C3E}.Release|Any CPU.ActiveCfg = Release|Any CPU
		{D15FEDF1-4644-4649-B9F6-68D6C57D4C3E}.Release|Any CPU.Build.0 = Release|Any CPU
		{06486885-ED1B-436F-BFAC-C5C5360709CA}.Debug|Any CPU.ActiveCfg = Debug|Any CPU
		{06486885-ED1B-436F-BFAC-C5C5360709CA}.Debug|Any CPU.Build.0 = Debug|Any CPU
		{06486885-ED1B-436F-BFAC-C5C5360709CA}.Release|Any CPU.ActiveCfg = Release|Any CPU
		{06486885-ED1B-436F-BFAC-C5C5360709CA}.Release|Any CPU.Build.0 = Release|Any CPU
		{67BBE3FD-4D55-4CAB-8E26-937EAF5AD424}.Debug|Any CPU.ActiveCfg = Debug|Any CPU
		{67BBE3FD-4D55-4CAB-8E26-937EAF5AD424}.Debug|Any CPU.Build.0 = Debug|Any CPU
		{67BBE3FD-4D55-4CAB-8E26-937EAF5AD424}.Release|Any CPU.ActiveCfg = Release|Any CPU
		{67BBE3FD-4D55-4CAB-8E26-937EAF5AD424}.Release|Any CPU.Build.0 = Release|Any CPU
		{20773CA1-A238-42AF-8FF7-499DFEA8C585}.Debug|Any CPU.ActiveCfg = Debug|Any CPU
		{20773CA1-A238-42AF-8FF7-499DFEA8C585}.Debug|Any CPU.Build.0 = Debug|Any CPU
		{20773CA1-A238-42AF-8FF7-499DFEA8C585}.Release|Any CPU.ActiveCfg = Release|Any CPU
		{20773CA1-A238-42AF-8FF7-499DFEA8C585}.Release|Any CPU.Build.0 = Release|Any CPU
		{99CA5721-334F-4EC0-9DB0-7C2EC3EEB502}.Debug|Any CPU.ActiveCfg = Debug|Any CPU
		{99CA5721-334F-4EC0-9DB0-7C2EC3EEB502}.Debug|Any CPU.Build.0 = Debug|Any CPU
		{99CA5721-334F-4EC0-9DB0-7C2EC3EEB502}.Release|Any CPU.ActiveCfg = Release|Any CPU
		{99CA5721-334F-4EC0-9DB0-7C2EC3EEB502}.Release|Any CPU.Build.0 = Release|Any CPU
		{14C09187-A157-4A71-AB99-7D33B64FC472}.Debug|Any CPU.ActiveCfg = Debug|Any CPU
		{14C09187-A157-4A71-AB99-7D33B64FC472}.Debug|Any CPU.Build.0 = Debug|Any CPU
		{14C09187-A157-4A71-AB99-7D33B64FC472}.Release|Any CPU.ActiveCfg = Release|Any CPU
		{14C09187-A157-4A71-AB99-7D33B64FC472}.Release|Any CPU.Build.0 = Release|Any CPU
		{93B69A92-497B-406A-ABF4-EF272E487925}.Debug|Any CPU.ActiveCfg = Debug|Any CPU
		{93B69A92-497B-406A-ABF4-EF272E487925}.Debug|Any CPU.Build.0 = Debug|Any CPU
		{93B69A92-497B-406A-ABF4-EF272E487925}.Release|Any CPU.ActiveCfg = Release|Any CPU
		{93B69A92-497B-406A-ABF4-EF272E487925}.Release|Any CPU.Build.0 = Release|Any CPU
		{55EC58D1-BAE5-4973-9FA8-22C98F2C98F8}.Debug|Any CPU.ActiveCfg = Debug|Any CPU
		{55EC58D1-BAE5-4973-9FA8-22C98F2C98F8}.Debug|Any CPU.Build.0 = Debug|Any CPU
		{55EC58D1-BAE5-4973-9FA8-22C98F2C98F8}.Release|Any CPU.ActiveCfg = Release|Any CPU
		{55EC58D1-BAE5-4973-9FA8-22C98F2C98F8}.Release|Any CPU.Build.0 = Release|Any CPU
		{53F2E160-314E-4415-A6E6-052F4C305C86}.Debug|Any CPU.ActiveCfg = Debug|Any CPU
		{53F2E160-314E-4415-A6E6-052F4C305C86}.Debug|Any CPU.Build.0 = Debug|Any CPU
		{53F2E160-314E-4415-A6E6-052F4C305C86}.Release|Any CPU.ActiveCfg = Release|Any CPU
		{53F2E160-314E-4415-A6E6-052F4C305C86}.Release|Any CPU.Build.0 = Release|Any CPU
		{81267C03-C064-49C2-8761-E50A57EFEFE9}.Debug|Any CPU.ActiveCfg = Debug|Any CPU
		{81267C03-C064-49C2-8761-E50A57EFEFE9}.Debug|Any CPU.Build.0 = Debug|Any CPU
		{81267C03-C064-49C2-8761-E50A57EFEFE9}.Release|Any CPU.ActiveCfg = Release|Any CPU
		{81267C03-C064-49C2-8761-E50A57EFEFE9}.Release|Any CPU.Build.0 = Release|Any CPU
		{97F53193-C68A-49B9-8191-A5C9A8E5548E}.Debug|Any CPU.ActiveCfg = Debug|Any CPU
		{97F53193-C68A-49B9-8191-A5C9A8E5548E}.Debug|Any CPU.Build.0 = Debug|Any CPU
		{97F53193-C68A-49B9-8191-A5C9A8E5548E}.Release|Any CPU.ActiveCfg = Release|Any CPU
		{97F53193-C68A-49B9-8191-A5C9A8E5548E}.Release|Any CPU.Build.0 = Release|Any CPU
		{2052EF95-FA3B-4361-BFCC-534FF32142E8}.Debug|Any CPU.ActiveCfg = Debug|Any CPU
		{2052EF95-FA3B-4361-BFCC-534FF32142E8}.Debug|Any CPU.Build.0 = Debug|Any CPU
		{2052EF95-FA3B-4361-BFCC-534FF32142E8}.Release|Any CPU.ActiveCfg = Release|Any CPU
		{2052EF95-FA3B-4361-BFCC-534FF32142E8}.Release|Any CPU.Build.0 = Release|Any CPU
		{6DD4E42E-2175-4687-BA52-A114E3639934}.Debug|Any CPU.ActiveCfg = Debug|Any CPU
		{6DD4E42E-2175-4687-BA52-A114E3639934}.Debug|Any CPU.Build.0 = Debug|Any CPU
		{6DD4E42E-2175-4687-BA52-A114E3639934}.Release|Any CPU.ActiveCfg = Release|Any CPU
		{6DD4E42E-2175-4687-BA52-A114E3639934}.Release|Any CPU.Build.0 = Release|Any CPU
		{938B8FCF-3308-4179-B2D7-5B2B9D72E936}.Debug|Any CPU.ActiveCfg = Debug|Any CPU
		{938B8FCF-3308-4179-B2D7-5B2B9D72E936}.Debug|Any CPU.Build.0 = Debug|Any CPU
		{938B8FCF-3308-4179-B2D7-5B2B9D72E936}.Release|Any CPU.ActiveCfg = Release|Any CPU
		{938B8FCF-3308-4179-B2D7-5B2B9D72E936}.Release|Any CPU.Build.0 = Release|Any CPU
		{4A7C0264-3124-426D-92D7-93A474C972C5}.Debug|Any CPU.ActiveCfg = Debug|Any CPU
		{4A7C0264-3124-426D-92D7-93A474C972C5}.Debug|Any CPU.Build.0 = Debug|Any CPU
		{4A7C0264-3124-426D-92D7-93A474C972C5}.Release|Any CPU.ActiveCfg = Release|Any CPU
		{4A7C0264-3124-426D-92D7-93A474C972C5}.Release|Any CPU.Build.0 = Release|Any CPU
		{7D94CE4B-42E2-44B9-AD81-6883C5AB395F}.Debug|Any CPU.ActiveCfg = Debug|Any CPU
		{7D94CE4B-42E2-44B9-AD81-6883C5AB395F}.Debug|Any CPU.Build.0 = Debug|Any CPU
		{7D94CE4B-42E2-44B9-AD81-6883C5AB395F}.Release|Any CPU.ActiveCfg = Release|Any CPU
		{7D94CE4B-42E2-44B9-AD81-6883C5AB395F}.Release|Any CPU.Build.0 = Release|Any CPU
		{6905F0B2-3BB3-495A-9E9B-EE95B329092A}.Debug|Any CPU.ActiveCfg = Debug|Any CPU
		{6905F0B2-3BB3-495A-9E9B-EE95B329092A}.Debug|Any CPU.Build.0 = Debug|Any CPU
		{6905F0B2-3BB3-495A-9E9B-EE95B329092A}.Release|Any CPU.ActiveCfg = Release|Any CPU
		{6905F0B2-3BB3-495A-9E9B-EE95B329092A}.Release|Any CPU.Build.0 = Release|Any CPU
		{E5929795-8403-4AA6-94B7-7DB25954FC64}.Debug|Any CPU.ActiveCfg = Debug|Any CPU
		{E5929795-8403-4AA6-94B7-7DB25954FC64}.Debug|Any CPU.Build.0 = Debug|Any CPU
		{E5929795-8403-4AA6-94B7-7DB25954FC64}.Release|Any CPU.ActiveCfg = Release|Any CPU
		{E5929795-8403-4AA6-94B7-7DB25954FC64}.Release|Any CPU.Build.0 = Release|Any CPU
		{F981545A-1692-49A6-9F82-734CD519F7F7}.Debug|Any CPU.ActiveCfg = Debug|Any CPU
		{F981545A-1692-49A6-9F82-734CD519F7F7}.Debug|Any CPU.Build.0 = Debug|Any CPU
		{F981545A-1692-49A6-9F82-734CD519F7F7}.Release|Any CPU.ActiveCfg = Release|Any CPU
		{F981545A-1692-49A6-9F82-734CD519F7F7}.Release|Any CPU.Build.0 = Release|Any CPU
		{05D1734A-0D5D-48E5-B467-4E6EF4CEADD0}.Debug|Any CPU.ActiveCfg = Debug|Any CPU
		{05D1734A-0D5D-48E5-B467-4E6EF4CEADD0}.Debug|Any CPU.Build.0 = Debug|Any CPU
		{05D1734A-0D5D-48E5-B467-4E6EF4CEADD0}.Release|Any CPU.ActiveCfg = Release|Any CPU
		{05D1734A-0D5D-48E5-B467-4E6EF4CEADD0}.Release|Any CPU.Build.0 = Release|Any CPU
		{1B472A1E-F26A-42BA-B633-9E53C6B1DC22}.Debug|Any CPU.ActiveCfg = Debug|Any CPU
		{1B472A1E-F26A-42BA-B633-9E53C6B1DC22}.Debug|Any CPU.Build.0 = Debug|Any CPU
		{1B472A1E-F26A-42BA-B633-9E53C6B1DC22}.Release|Any CPU.ActiveCfg = Release|Any CPU
		{1B472A1E-F26A-42BA-B633-9E53C6B1DC22}.Release|Any CPU.Build.0 = Release|Any CPU
		{0BA6B2C5-6040-443A-97DE-42C3D1B973A9}.Debug|Any CPU.ActiveCfg = Debug|Any CPU
		{0BA6B2C5-6040-443A-97DE-42C3D1B973A9}.Debug|Any CPU.Build.0 = Debug|Any CPU
		{0BA6B2C5-6040-443A-97DE-42C3D1B973A9}.Release|Any CPU.ActiveCfg = Release|Any CPU
		{0BA6B2C5-6040-443A-97DE-42C3D1B973A9}.Release|Any CPU.Build.0 = Release|Any CPU
		{C7531914-5701-46A5-9424-9545271C2DE7}.Debug|Any CPU.ActiveCfg = Debug|Any CPU
		{C7531914-5701-46A5-9424-9545271C2DE7}.Debug|Any CPU.Build.0 = Debug|Any CPU
		{C7531914-5701-46A5-9424-9545271C2DE7}.Release|Any CPU.ActiveCfg = Release|Any CPU
		{C7531914-5701-46A5-9424-9545271C2DE7}.Release|Any CPU.Build.0 = Release|Any CPU
		{222F7152-0FF0-444D-BB7D-778C8AFB570E}.Debug|Any CPU.ActiveCfg = Debug|Any CPU
		{222F7152-0FF0-444D-BB7D-778C8AFB570E}.Debug|Any CPU.Build.0 = Debug|Any CPU
		{222F7152-0FF0-444D-BB7D-778C8AFB570E}.Release|Any CPU.ActiveCfg = Release|Any CPU
		{222F7152-0FF0-444D-BB7D-778C8AFB570E}.Release|Any CPU.Build.0 = Release|Any CPU
	EndGlobalSection
	GlobalSection(SolutionProperties) = preSolution
		HideSolutionNode = FALSE
	EndGlobalSection
	GlobalSection(ExtensibilityGlobals) = postSolution
		SolutionGuid = {BBAFA819-CFBD-4CC7-820D-C8DE536D7BBE}
	EndGlobalSection
EndGlobal
